
Microsoft Visual Studio Solution File, Format Version 12.00
# Visual Studio Version 16
VisualStudioVersion = 16.0.29403.142
MinimumVisualStudioVersion = 10.0.40219.1
Project("{FAE04EC0-301F-11D3-BF4B-00C04F79EFBC}") = "Randomizer", "Randomizer\Randomizer.csproj", "{281DD39C-FE21-4144-A59D-6D5E24F0050B}"
EndProject
Global
	GlobalSection(SolutionConfigurationPlatforms) = preSolution
		Debug|Any CPU = Debug|Any CPU
		Release|Any CPU = Release|Any CPU
	EndGlobalSection
	GlobalSection(ProjectConfigurationPlatforms) = postSolution
		{281DD39C-FE21-4144-A59D-6D5E24F0050B}.Debug|Any CPU.ActiveCfg = Debug|Any CPU
		{281DD39C-FE21-4144-A59D-6D5E24F0050B}.Debug|Any CPU.Build.0 = Debug|Any CPU
		{281DD39C-FE21-4144-A59D-6D5E24F0050B}.Release|Any CPU.ActiveCfg = Release|Any CPU
		{281DD39C-FE21-4144-A59D-6D5E24F0050B}.Release|Any CPU.Build.0 = Release|Any CPU
	EndGlobalSection
	GlobalSection(SolutionProperties) = preSolution
		HideSolutionNode = FALSE
	EndGlobalSection
	GlobalSection(ExtensibilityGlobals) = postSolution
		SolutionGuid = {D3907F4D-72FD-4FFE-8CDA-DA46D4113D1F}
	EndGlobalSection
EndGlobal
